{
  "name": "amca-web",
  "version": "1.0.0",
  "lockfileVersion": 3,
  "requires": true,
  "packages": {
    "": {
      "name": "amca-web",
      "version": "1.0.0",
      "dependencies": {
        "astro": "^4.0.0"
      }
    },
    "node_modules/@astrojs/compiler": {
      "version": "2.3.2",
      "resolved": "https://registry.npmjs.org/@astrojs/compiler/-/compiler-2.3.2.tgz",
      "integrity": "sha512-jkY7bCVxl27KeZsSxIZ+pqACe+g8VQUdTiSJRjWXYOstH8SxwtLJ8CKfgU8l9nM6CgR/0UEOYdH9g7c/mwHmXg=="
    },
    "node_modules/@astrojs/internal-helpers": {
      "version": "0.2.1",
      "resolved": "https://registry.npmjs.org/@astrojs/internal-helpers/-/internal-helpers-0.2.1.tgz",
      "integrity": "sha512-scALsQlnV1CfsCgsYFFJc2XlVhVUFgPKjv+aYF64HnHJMbKSu0VUj4RMcvPGRgpQkHm3/2RklBHo1f6UaHStkw=="
    },
    "node_modules/@astrojs/markdown-remark": {
      "version": "4.0.0",
      "resolved": "https://registry.npmjs.org/@astrojs/markdown-remark/-/markdown-remark-4.0.0.tgz",
      "integrity": "sha512-7aK9j6KQFo0doM2WnEDxfo03smJm/uP1MZOm8C8xP/TMOhaCMZ6YhWen3J98T06T6C4eHt/NcXcPZO9sHzzvcg==",
      "dependencies": {
        "@astrojs/prism": "^3.0.0",
        "github-slugger": "^2.0.0",
        "import-meta-resolve": "^3.0.0",
        "mdast-util-definitions": "^6.0.0",
        "rehype-raw": "^7.0.0",
        "rehype-stringify": "^10.0.0",
        "remark-gfm": "^4.0.0",
        "remark-parse": "^11.0.0",
        "remark-rehype": "^11.0.0",
        "remark-smartypants": "^2.0.0",
        "shikiji": "^0.6.10",
        "unified": "^11.0.4",
        "unist-util-visit": "^5.0.0",
        "vfile": "^6.0.1"
      }
    },
    "node_modules/@astrojs/prism": {
      "version": "3.0.0",
      "resolved": "https://registry.npmjs.org/@astrojs/prism/-/prism-3.0.0.tgz",
      "integrity": "sha512-g61lZupWq1bYbcBnYZqdjndShr/J3l/oFobBKPA3+qMat146zce3nz2kdO4giGbhYDt4gYdhmoBz0vZJ4sIurQ==",
      "dependencies": {
        "prismjs": "^1.29.0"
      }
    },
    "node_modules/@astrojs/telemetry": {
      "version": "3.0.0",
      "resolved": "https://registry.npmjs.org/@astrojs/telemetry/-/telemetry-3.0.0.tgz",
      "integrity": "sha512-y7iLStD17v0sxSKl9JzkvFdnyLCUpSg9tCojs3x2T6iM8GZ5C8WpPqdRyjF0KzFp3Yn6LqstmD4ojpNnKf6dGA==",
      "dependencies": {
        "ci-info": "^3.8.0",
        "debug": "^4.3.4",
        "dlv": "^1.1.3",
        "dset": "^3.1.2",
        "is-docker": "^3.0.0",
        "is-wsl": "^3.0.0",
        "undici": "^5.22.0",
        "which-pm-runs": "^1.1.0"
      }
    },
    "node_modules/@babel/helper-string-parser": {
      "version": "7.22.5",
      "resolved": "https://registry.npmjs.org/@babel/helper-string-parser/-/helper-string-parser-7.22.5.tgz",
      "integrity": "sha512-mM4COjgZox8U+JcXQwPijIZLElkgEpO5rsERVDJTc2qfCDfERyob6k5WegS14SX18IIjv+XD+GrqNumY5JRCDw=="
    },
    "node_modules/@babel/helper-validator-identifier": {
      "version": "7.22.20",
      "resolved": "https://registry.npmjs.org/@babel/helper-validator-identifier/-/helper-validator-identifier-7.22.20.tgz",
      "integrity": "sha512-Y4OZ+ytlatR8AI+8KZfKuL5urKp7qey08ha31L8b3BwewJAoJamTzyvxPR/5D+KkdJCGPq/+8TukHBlY10FX9A=="
    },
    "node_modules/@babel/parser": {
      "version": "7.23.5",
      "resolved": "https://registry.npmjs.org/@babel/parser/-/parser-7.23.5.tgz",
      "integrity": "sha512-hOOqoiNXrmGdFbhgCzu6GiURxUgM27Xwd/aPuu8RfHEZPBzL1Z54okAHAQjXfcQNwvrlkAmAp4SlRTZ45vlthQ==",
      "bin": {
        "parser": "bin/babel-parser.js"
      }
    },
    "node_modules/@babel/types": {
      "version": "7.23.5",
      "resolved": "https://registry.npmjs.org/@babel/types/-/types-7.23.5.tgz",
      "integrity": "sha512-ON5kSOJwVO6xXVRTvOI0MOnmaK4Tg3O1FL2SUA10H4w2Yr4XWv7Qm3Bbc3w4hOTZqF/wDYg8EbJitfP9xg1PnA==",
      "dependencies": {
        "@babel/helper-string-parser": "^7.22.5",
        "@babel/helper-validator-identifier": "^7.22.20",
        "to-fast-properties": "^2.0.0"
      }
    },
    "node_modules/@emnapi/runtime": {
      "version": "0.44.0",
      "resolved": "https://registry.npmjs.org/@emnapi/runtime/-/runtime-0.44.0.tgz",
      "integrity": "sha512-jdvWetL1P1j8Jr8N3oW3O8Fp+UxrK2CGnAl+KfpHb0JjI/58kORGGK0sB64rDl7tbtl9bW07XcJ23YIpCeZ82Q==",
      "optional": true,
      "dependencies": {
        "tslib": "^2.4.0"
      }
    },
    "node_modules/@esbuild/android-arm": {
      "version": "0.19.8",
      "resolved": "https://registry.npmjs.org/@esbuild/android-arm/-/android-arm-0.19.8.tgz",
      "integrity": "sha512-xi4e1aPqm/Z7NvL1rBngPNUO0cwFzT7pi3XkBhLNAm9l2o8BuKglJzvyM7hWYR8B2Tj9Ve/Jr9HohhNNOlFf9Q==",
      "cpu": ["arm"],
      "optional": true,
      "os": ["android"]
    },
    "node_modules/@esbuild/android-arm64": {
      "version": "0.19.8",
      "resolved": "https://registry.npmjs.org/@esbuild/android-arm64/-/android-arm64-0.19.8.tgz",
      "integrity": "sha512-rrQqPFRnU0SC6SZQChsGIFikAjBW1okcBN/iPQUpESM+iE2q4PjF1XumQ5E/kea5xMp7RKbJadVx6thE8TjzCg==",
      "cpu": ["arm64"],
      "optional": true,
      "os": ["android"]
    },
    "node_modules/@esbuild/android-x64": {
      "version": "0.19.8",
      "resolved": "https://registry.npmjs.org/@esbuild/android-x64/-/android-x64-0.19.8.tgz",
      "integrity": "sha512-v2F92APbNZuf1CPojncQ6uN9c8HpLc2B6MfEDVHNGcUgEalOABrFQy82yWmWJYqH0jM3vHlE0Kc3gPpX8aklNw==",
      "cpu": ["x64"],
      "optional": true,
      "os": ["android"]
    },
    "node_modules/@esbuild/darwin-arm64": {
      "version": "0.19.8",
      "resolved": "https://registry.npmjs.org/@esbuild/darwin-arm64/-/darwin-arm64-0.19.8.tgz",
      "integrity": "sha512-RbZ/zNY1rY1tS0I3jQGlUOXZg5ifnZqLNgA2aWPi45MsvC/r7bO4dtflS86Qm51pfy6b8wgq4rbAa4l5mV2QBg==",
      "cpu": ["arm64"],
      "optional": true,
      "os": ["darwin"]
    },
    "node_modules/@esbuild/darwin-x64": {
      "version": "0.19.8",
      "resolved": "https://registry.npmjs.org/@esbuild/darwin-x64/-/darwin-x64-0.19.8.tgz",
      "integrity": "sha512-bMttnMH2blQw2SFGL5P+30PFYR1JfwpY1MD6W1fLk6PWc8aP/q+98e9cLqkzMwxUDngHSjwsjPqE5RktiD8Ueg==",
      "cpu": ["x64"],
      "optional": true,
      "os": ["darwin"]
    },
    "node_modules/@esbuild/freebsd-arm64": {
      "version": "0.19.8",
      "resolved": "https://registry.npmjs.org/@esbuild/freebsd-arm64/-/freebsd-arm64-0.19.8.tgz",
      "integrity": "sha512-br5i5Z3cNlLJ2jB+j0VJhCi+6aThEucwi7I52IhLX17Tluc0eQuE49YgLv/URr1f4lA8x2frz/+vQ3YIB6Teag==",
      "cpu": ["arm64"],
      "optional": true,
      "os": ["freebsd"]
    },
    "node_modules/@esbuild/freebsd-x64": {
      "version": "0.19.8",
      "resolved": "https://registry.npmjs.org/@esbuild/freebsd-x64/-/freebsd-x64-0.19.8.tgz",
      "integrity": "sha512-r8mECqVwizI7wYrfJybHESfdZx8Grh/F4WDMU9hK2ar+2j7PHJvMV4OeH9c7VnX+1COhPmClnOZ0w0N9/PmI6g==",
      "cpu": ["x64"],
      "optional": true,
      "os": ["freebsd"]
    },
    "node_modules/@esbuild/linux-arm": {
      "version": "0.19.8",
      "resolved": "https://registry.npmjs.org/@esbuild/linux-arm/-/linux-arm-0.19.8.tgz",
      "integrity": "sha512-Xo69rqMRnGpGxhSYmDgn1D/KozFzp++Nyxu1dDfWjPkG5kuzC4zT55pB39CDz2VzKxMNrK9GyPHe1bEWaO7MLQ==",
      "cpu": ["arm"],
      "optional": true,
      "os": ["linux"]
    },
    "node_modules/@esbuild/linux-arm64": {
      "version": "0.19.8",
      "resolved": "https://registry.npmjs.org/@esbuild/linux-arm64/-/linux-arm64-0.19.8.tgz",
      "integrity": "sha512-Mr7Yfv9bPXbDDF4jP32zrRMXX+WsoaGRcSkjqN2Vg9z9nV5CvHOhC8wNR7ueAnK9Ks3GSQh4tqL8fNEJhFbB/w==",
      "cpu": ["arm64"],
      "optional": true,
      "os": ["linux"]
    },
    "node_modules/@esbuild/linux-ia32": {
      "version": "0.19.8",
      "resolved": "https://registry.npmjs.org/@esbuild/linux-ia32/-/linux-ia32-0.19.8.tgz",
      "integrity": "sha512-sdHkLYkb3W2eSM3Lsv1gB+PBUsTnJs7uFmPIXfWt0yHd+61Hxrgg+hyzZ8Vg8IuCv8aCQZcKY27s9Mh8gUkz0g==",
      "cpu": ["ia32"],
      "optional": true,
      "os": ["linux"]
    },
    "node_modules/@esbuild/linux-loong64": {
      "version": "0.19.8",
      "resolved": "https://registry.npmjs.org/@esbuild/linux-loong64/-/linux-loong64-0.19.8.tgz",
      "integrity": "sha512-bYXVfpsfPFdpQxTMA1CebW5Qo4s9fKfvBIRKNu1kCax1Jj3hO3bN0cVMp0V0hfG84BpQsoWvR1UZPtiIbADunQ==",
      "cpu": ["loong64"],
      "optional": true,
      "os": ["linux"]
    },
    "node_modules/@esbuild/linux-mips64el": {
      "version": "0.19.8",
      "resolved": "https://registry.npmjs.org/@esbuild/linux-mips64el/-/linux-mips64el-0.19.8.tgz",
      "integrity": "sha512-mFb0cX+/rpt/u1Gxj7BcXwKjj7V7H/3jQx56Rk3F7cK2sxYCMf/eMr1NmF7ZhzfYEDT/XiqDtiYDh7I4FkPwfw==",
      "cpu": ["mips64el"],
      "optional": true,
      "os": ["linux"]
    },
    "node_modules/@esbuild/linux-ppc64": {
      "version": "0.19.8",
      "resolved": "https://registry.npmjs.org/@esbuild/linux-ppc64/-/linux-ppc64-0.19.8.tgz",
      "integrity": "sha512-tk6EGJNsljH0lLW7kD4n2EFOMQL9mSGN5S9VJicv5Slkx0BxdC3zQw1A0sK7K+PT5h/2WopkTjR/ZLok6OIQ5Q==",
      "cpu": ["ppc64"],
      "optional": true,
      "os": ["linux"]
    },
    "node_modules/@esbuild/linux-riscv64": {
      "version": "0.19.8",
      "resolved": "https://registry.npmjs.org/@esbuild/linux-riscv64/-/linux-riscv64-0.19.8.tgz",
      "integrity": "sha512-WaZ0FkIu0kUZByYJRNqNp3FDfAANUIHgqA2gREoIeKS/kliqY6YxN3fiZX1MhBmH61X9KSbShQEP47DmQFhI8w==",
      "cpu": ["riscv64"],
      "optional": true,
      "os": ["linux"]
    },
    "node_modules/@esbuild/linux-s390x": {
      "version": "0.19.8",
      "resolved": "https://registry.npmjs.org/@esbuild/linux-s390x/-/linux-s390x-0.19.8.tgz",
      "integrity": "sha512-ijI7pIZ04U2tNOKt5O1uOzoPaFFpA7qlfOBY4dDlDA2AA6M6zXDDILq+ME4SQ3FEBzZWVi/2dbbU6UyHOV6/ag==",
      "cpu": ["s390x"],
      "optional": true,
      "os": ["linux"]
    },
    "node_modules/@esbuild/linux-x64": {
      "version": "0.19.8",
      "resolved": "https://registry.npmjs.org/@esbuild/linux-x64/-/linux-x64-0.19.8.tgz",
      "integrity": "sha512-2TvnS4LFoM/tXtoZl6InHdIonWvJQAfu+3PwjB7N1Vr+awtxnMkMCdrUk4i4Cjdu/yhFv9++qj7w16DqllCfxg==",
      "cpu": ["x64"],
      "optional": true,
      "os": ["linux"]
    },
    "node_modules/@esbuild/netbsd-x64": {
      "version": "0.19.8",
      "resolved": "https://registry.npmjs.org/@esbuild/netbsd-x64/-/netbsd-x64-0.19.8.tgz",
      "integrity": "sha512-FtzcK1klcK0I7rrWYJ/RU2XoWBJ1Jj9VwYf8RbY2icahplq/EGJc88Y1jz4Be+ZUn9xRzNw1a3gdoJOSmF+/Yw==",
      "cpu": ["x64"],
      "optional": true,
      "os": ["netbsd"]
    },
    "node_modules/@esbuild/openbsd-x64": {
      "version": "0.19.8",
      "resolved": "https://registry.npmjs.org/@esbuild/openbsd-x64/-/openbsd-x64-0.19.8.tgz",
      "integrity": "sha512-UOBAMsywSdNGYzSh24LqPUtE7ou2Z1XT8xovSPbY3btTLpoVbN+7Ed3xgFArCeW9x5jIjr+pmGdYssHt7C27PA==",
      "cpu": ["x64"],
      "optional": true,
      "os": ["openbsd"]
    },
    "node_modules/@esbuild/sunos-x64": {
      "version": "0.19.8",
      "resolved": "https://registry.npmjs.org/@esbuild/sunos-x64/-/sunos-x64-0.19.8.tgz",
      "integrity": "sha512-t4mEMCGkE/ULkR4OYhMjiMniWQw2TVvI7KKI4iMw34KNA0h3rgZ9WJEViLQNIS/w5H33/etLi7jM7Ax+95hTdQ==",
      "cpu": ["x64"],
      "optional": true,
      "os": ["sunos"]
    },
    "node_modules/@esbuild/win32-arm64": {
      "version": "0.19.8",
      "resolved": "https://registry.npmjs.org/@esbuild/win32-arm64/-/win32-arm64-0.19.8.tgz",
      "integrity": "sha512-qR6WJ+vE1y7L44Cz8MZrfNKdF8MhcYYBDQ63PyG6tLt9Qh0Hw97x5QYyPXRqVchWxM9pIM4PPbjUpOcG+TOgVw==",
      "cpu": ["arm64"],
      "optional": true,
      "os": ["win32"]
    },
    "node_modules/@esbuild/win32-ia32": {
      "version": "0.19.8",
      "resolved": "https://registry.npmjs.org/@esbuild/win32-ia32/-/win32-ia32-0.19.8.tgz",
      "integrity": "sha512-rCb6Yx0OWVkYY/tbhxY5CzzK9LC5GWio9y0b0aLjcyiKGhq8MD0Rz3rHDYlgK/dCLSji41HrOXS8JUTQp4SCow==",
      "cpu": ["ia32"],
      "optional": true,
      "os": ["win32"]
    },
    "node_modules/@esbuild/win32-x64": {
      "version": "0.19.8",
      "resolved": "https://registry.npmjs.org/@esbuild/win32-x64/-/win32-x64-0.19.8.tgz",
      "integrity": "sha512-XOPrzE0okr5PJ19wdpdRlQ67ATRr0KHMyveFCRMifcId7Yp6zDmgv6cUcbjFjF50bw4hJ+7amIpuT7dt+nhxWA==",
      "cpu": ["x64"],
      "optional": true,
      "os": ["win32"]
    },
    "node_modules/@fastify/busboy": {
      "version": "2.1.0",
      "resolved": "https://registry.npmjs.org/@fastify/busboy/-/busboy-2.1.0.tgz",
      "integrity": "sha512-+KpH+QxZU7O4675t3mnkQKcZZg56u+K/Ct2K+N2AZYNVK8kyeo/bI18tI8aPm3tvNNRyTWfj6s5tnGNlcbQRsA=="
    },
    "node_modules/@img/sharp-darwin-arm64": {
      "version": "0.33.0",
      "resolved": "https://registry.npmjs.org/@img/sharp-darwin-arm64/-/sharp-darwin-arm64-0.33.0.tgz",
      "integrity": "sha512-070tEheekI1LJWTGPC9WlQEa5UoKTXzzlORBHMX4TbfUxMiL336YHR8vBEUNsjse0RJCX8dZ4ZXwT595aEF1ug==",
      "cpu": ["arm64"],
      "optional": true,
      "os": ["darwin"],
      "dependencies": {
        "@img/sharp-libvips-darwin-arm64": "1.0.0"
      }
    },
    "node_modules/@img/sharp-darwin-x64": {
      "version": "0.33.0",
      "resolved": "https://registry.npmjs.org/@img/sharp-darwin-x64/-/sharp-darwin-x64-0.33.0.tgz",
      "integrity": "sha512-puAu5V6Hj4aR2P0cPJiJO4ZJWeP6Rp0TtW1VfiWtK0cB1cP2Xpno0LbClJprUEW7YTgpprrK4f+S0Lzr+jdxDA==",
      "cpu": ["x64"],
      "optional": true,
      "os": ["darwin"],
      "dependencies": {
        "@img/sharp-libvips-darwin-x64": "1.0.0"
      }
    },
    "node_modules/@img/sharp-libvips-darwin-arm64": {
      "version": "1.0.0",
      "resolved": "https://registry.npmjs.org/@img/sharp-libvips-darwin-arm64/-/sharp-libvips-darwin-arm64-1.0.0.tgz",
      "integrity": "sha512-VzYd6OwnUR81sInf3Jjfs3q5dS4r9FfM/CCr9vEn+71dDkfnNlO7sckB0bhnsbSg30zFOS4kmUCH9T1nTCRTAg==",
      "optional": true,
      "os": ["darwin"]
    },
    "node_modules/@img/sharp-libvips-darwin-x64": {
      "version": "1.0.0",
      "resolved": "https://registry.npmjs.org/@img/sharp-libvips-darwin-x64/-/sharp-libvips-darwin-x64-1.0.0.tgz",
      "integrity": "sha512-hDplS8h9K7VUGaT5EdLtpf1QtsB5qGVj2gNe7A7lVHADVJCcT5rEtzLfB7Ltr9Z9wGYFMtoi5fTl3d9E0IXtCg==",
      "optional": true,
      "os": ["darwin"]
    },
    "node_modules/@img/sharp-libvips-linux-arm": {
      "version": "1.0.0",
      "resolved": "https://registry.npmjs.org/@img/sharp-libvips-linux-arm/-/sharp-libvips-linux-arm-1.0.0.tgz",
      "integrity": "sha512-V4yP2lHw/F6yTmt8HtfKpRMC82+1JtPcMzRbxKynj6q2VsfjI/fOTUQhVEy36LmBwr6e9ff0nQxZgBvz+0k3HQ==",
      "cpu": ["arm"],
      "optional": true,
      "os": ["linux"]
    },
    "node_modules/@img/sharp-libvips-linux-arm64": {
      "version": "1.0.0",
      "resolved": "https://registry.npmjs.org/@img/sharp-libvips-linux-arm64/-/sharp-libvips-linux-arm64-1.0.0.tgz",
      "integrity": "sha512-2Bgy9O6GqEkcLwT/Oh7a6OPB+ubFz5t1o+2lyXCaO9X7N7P0Fd9sL3ONxQxqoJgZRif3gYUt6QeGLcV1zOa0DA==",
      "cpu": ["arm64"],
      "optional": true,
      "os": ["linux"]
    },
    "node_modules/@img/sharp-libvips-linux-s390x": {
      "version": "1.0.0",
      "resolved": "https://registry.npmjs.org/@img/sharp-libvips-linux-s390x/-/sharp-libvips-linux-s390x-1.0.0.tgz",
      "integrity": "sha512-oW9xk8jMxLyF6c9BfMHyxIIzK/1R7YI2dWjdRKF3Y9K7OAmcAjdJG3XCO2LaH7M1nyNPR+6l5SXKo5Z8Yep9sQ==",
      "cpu": ["s390x"],
      "optional": true,
      "os": ["linux"]
    },
    "node_modules/@img/sharp-libvips-linux-x64": {
      "version": "1.0.0",
      "resolved": "https://registry.npmjs.org/@img/sharp-libvips-linux-x64/-/sharp-libvips-linux-x64-1.0.0.tgz",
      "integrity": "sha512-rs4I/RQkMFx9BkzeiQwMhZ9kH9eHChNj7CmlsZwK59c9IQ7XkK2Hk7FPc4wBpFp0dLP1I+ok0FJXHvdd0qE42Q==",
      "cpu": ["x64"],
      "optional": true,
      "os": ["linux"]
    },
    "node_modules/@img/sharp-libvips-linuxmusl-arm64": {
      "version": "1.0.0",
      "resolved": "https://registry.npmjs.org/@img/sharp-libvips-linuxmusl-arm64/-/sharp-libvips-linuxmusl-arm64-1.0.0.tgz",
      "integrity": "sha512-OE0IbLPNKSIfzDLUtI43xEpH2hq4i+Q9O4Ew7WtPCp8Dmhk1v9JijUSVcvWBUbWxM6Lsp13OSN41ljJjHP8ZfQ==",
      "cpu": ["arm64"],
      "optional": true,
      "os": ["linux"]
    },
    "node_modules/@img/sharp-libvips-linuxmusl-x64": {
      "version": "1.0.0",
      "resolved": "https://registry.npmjs.org/@img/sharp-libvips-linuxmusl-x64/-/sharp-libvips-linuxmusl-x64-1.0.0.tgz",
      "integrity": "sha512-2OiQdcn/q+G/45HO7ak5MFNnqnl/0TspOopnCPs1ALv7A+NiJ0cS2DYT71i2HjbnPW4T9GJZ63AyiRGR2G1y+Q==",
      "cpu": ["x64"],
      "optional": true,
      "os": ["linux"]
    },
    "node_modules/@img/sharp-linux-arm": {
      "version": "0.33.0",
      "resolved": "https://registry.npmjs.org/@img/sharp-linux-arm/-/sharp-linux-arm-0.33.0.tgz",
      "integrity": "sha512-4D7Tt5SyRfMEr9EKGJpB7mPsn30jzQpM2aM4NOBQde3vzWr9R7O0Ms6YdIvvuwdcR+XsMSUY6GzrRjf1lRDUVw==",
      "cpu": ["arm"],
      "optional": true,
      "os": ["linux"],
      "dependencies": {
        "@img/sharp-libvips-linux-arm": "1.0.0"
      }
    },
    "node_modules/@img/sharp-linux-arm64": {
      "version": "0.33.0",
      "resolved": "https://registry.npmjs.org/@img/sharp-linux-arm64/-/sharp-linux-arm64-0.33.0.tgz",
      "integrity": "sha512-VKJfVUNVlvAWZpNr9X3bV/kk7jEmyP1d6Ae0sYqGjJZiz++BhRypxhmJtJcf3c9HhzysJDciCF3iD6WzLx5Png==",
      "cpu": ["arm64"],
      "optional": true,
      "os": ["linux"],
      "dependencies": {
        "@img/sharp-libvips-linux-arm64": "1.0.0"
      }
    },
    "node_modules/@img/sharp-linux-s390x": {
      "version": "0.33.0",
      "resolved": "https://registry.npmjs.org/@img/sharp-linux-s390x/-/sharp-linux-s390x-0.33.0.tgz",
      "integrity": "sha512-7LO0ZqW1ie4FmoWkgAYhGaDqDrW2pA7ihOJ4BJ1dZCX12bLD/2NCrpvAn5ouGYHizn3bZr0c3sCvTTVwWDvx3g==",
      "cpu": ["s390x"],
      "optional": true,
      "os": ["linux"],
      "dependencies": {
        "@img/sharp-libvips-linux-s390x": "1.0.0"
      }
    },
    "node_modules/@img/sharp-linux-x64": {